
Microsoft Visual Studio Solution File, Format Version 12.00
# Visual Studio Version 16
VisualStudioVersion = 16.0.29009.5
MinimumVisualStudioVersion = 10.0.40219.1
Project("{FAE04EC0-301F-11D3-BF4B-00C04F79EFBC}") = "JetiBackup", "JetiBackup\JetiBackup.csproj", "{677D52A7-FC1E-4261-8B85-B18280667C16}"
EndProject
Global
	GlobalSection(SolutionConfigurationPlatforms) = preSolution
		Debug|Any CPU = Debug|Any CPU
		Release|Any CPU = Release|Any CPU
	EndGlobalSection
	GlobalSection(ProjectConfigurationPlatforms) = postSolution
		{677D52A7-FC1E-4261-8B85-B18280667C16}.Debug|Any CPU.ActiveCfg = Debug|Any CPU
		{677D52A7-FC1E-4261-8B85-B18280667C16}.Debug|Any CPU.Build.0 = Debug|Any CPU
		{677D52A7-FC1E-4261-8B85-B18280667C16}.Release|Any CPU.ActiveCfg = Release|Any CPU
		{677D52A7-FC1E-4261-8B85-B18280667C16}.Release|Any CPU.Build.0 = Release|Any CPU
	EndGlobalSection
	GlobalSection(SolutionProperties) = preSolution
		HideSolutionNode = FALSE
	EndGlobalSection
	GlobalSection(ExtensibilityGlobals) = postSolution
		SolutionGuid = {3F1F465A-4CA1-426F-9F27-C46252386E4B}
	EndGlobalSection
EndGlobal
